// !$*UTF8*$!
{
	archiveVersion = 1;
	classes = {
	};
	objectVersion = 46;
	objects = {

/* Begin PBXBuildFile section */
		092A5B211A8E58FF00068A17 /* main.m in Sources */ = {isa = PBXBuildFile; fileRef = 092A5B201A8E58FF00068A17 /* main.m */; };
		092A5B241A8E58FF00068A17 /* AppDelegate.m in Sources */ = {isa = PBXBuildFile; fileRef = 092A5B231A8E58FF00068A17 /* AppDelegate.m */; };
		092A5B271A8E58FF00068A17 /* FirstViewController.m in Sources */ = {isa = PBXBuildFile; fileRef = 092A5B261A8E58FF00068A17 /* FirstViewController.m */; };
		092A5B2A1A8E58FF00068A17 /* SecondViewController.m in Sources */ = {isa = PBXBuildFile; fileRef = 092A5B291A8E58FF00068A17 /* SecondViewController.m */; };
		092A5B2D1A8E58FF00068A17 /* Main.storyboard in Resources */ = {isa = PBXBuildFile; fileRef = 092A5B2B1A8E58FF00068A17 /* Main.storyboard */; };
		092A5B2F1A8E58FF00068A17 /* Images.xcassets in Resources */ = {isa = PBXBuildFile; fileRef = 092A5B2E1A8E58FF00068A17 /* Images.xcassets */; };
		092A5B321A8E58FF00068A17 /* LaunchScreen.xib in Resources */ = {isa = PBXBuildFile; fileRef = 092A5B301A8E58FF00068A17 /* LaunchScreen.xib */; };
		092A5B3E1A8E590000068A17 /* iDBSTests.m in Sources */ = {isa = PBXBuildFile; fileRef = 092A5B3D1A8E590000068A17 /* iDBSTests.m */; };
/* End PBXBuildFile section */

/* Begin PBXContainerItemProxy section */
		092A5B381A8E590000068A17 /* PBXContainerItemProxy */ = {
			isa = PBXContainerItemProxy;
			containerPortal = 092A5B131A8E58FF00068A17 /* Project object */;
			proxyType = 1;
			remoteGlobalIDString = 092A5B1A1A8E58FF00068A17;
			remoteInfo = iDBS;
		};
/* End PBXContainerItemProxy section */

/* Begin PBXFileReference section */
		092A5B1B1A8E58FF00068A17 /* iDBS.app */ = {isa = PBXFileReference; explicitFileType = wrapper.application; includeInIndex = 0; path = iDBS.app; sourceTree = BUILT_PRODUCTS_DIR; };
		092A5B1F1A8E58FF00068A17 /* Info.plist */ = {isa = PBXFileReference; lastKnownFileType = text.plist.xml; path = Info.plist; sourceTree = "<group>"; };
		092A5B201A8E58FF00068A17 /* main.m */ = {isa = PBXFileReference; lastKnownFileType = sourcecode.c.objc; path = main.m; sourceTree = "<group>"; };
		092A5B221A8E58FF00068A17 /* AppDelegate.h */ = {isa = PBXFileReference; lastKnownFileType = sourcecode.c.h; path = AppDelegate.h; sourceTree = "<group>"; };
		092A5B231A8E58FF00068A17 /* AppDelegate.m */ = {isa = PBXFileReference; lastKnownFileType = sourcecode.c.objc; path = AppDelegate.m; sourceTree = "<group>"; };
		092A5B251A8E58FF00068A17 /* FirstViewController.h */ = {isa = PBXFileReference; lastKnownFileType = sourcecode.c.h; path = FirstViewController.h; sourceTree = "<group>"; };
		092A5B261A8E58FF00068A17 /* FirstViewController.m */ = {isa = PBXFileReference; lastKnownFileType = sourcecode.c.objc; path = FirstViewController.m; sourceTree = "<group>"; };
		092A5B281A8E58FF00068A17 /* SecondViewController.h */ = {isa = PBXFileReference; lastKnownFileType = sourcecode.c.h; path = SecondViewController.h; sourceTree = "<group>"; };
		092A5B291A8E58FF00068A17 /* SecondViewController.m */ = {isa = PBXFileReference; lastKnownFileType = sourcecode.c.objc; path = SecondViewController.m; sourceTree = "<group>"; };
		092A5B2C1A8E58FF00068A17 /* Base */ = {isa = PBXFileReference; lastKnownFileType = file.storyboard; name = Base; path = Base.lproj/Main.storyboard; sourceTree = "<group>"; };
		092A5B2E1A8E58FF00068A17 /* Images.xcassets */ = {isa = PBXFileReference; lastKnownFileType = folder.assetcatalog; path = Images.xcassets; sourceTree = "<group>"; };
		092A5B311A8E58FF00068A17 /* Base */ = {isa = PBXFileReference; lastKnownFileType = file.xib; name = Base; path = Base.lproj/LaunchScreen.xib; sourceTree = "<group>"; };
		092A5B371A8E590000068A17 /* iDBSTests.xctest */ = {isa = PBXFileReference; explicitFileType = wrapper.cfbundle; includeInIndex = 0; path = iDBSTests.xctest; sourceTree = BUILT_PRODUCTS_DIR; };
		092A5B3C1A8E590000068A17 /* Info.plist */ = {isa = PBXFileReference; lastKnownFileType = text.plist.xml; path = Info.plist; sourceTree = "<group>"; };
		092A5B3D1A8E590000068A17 /* iDBSTests.m */ = {isa = PBXFileReference; lastKnownFileType = sourcecode.c.objc; path = iDBSTests.m; sourceTree = "<group>"; };
/* End PBXFileReference section */

/* Begin PBXFrameworksBuildPhase section */
		092A5B181A8E58FF00068A17 /* Frameworks */ = {
			isa = PBXFrameworksBuildPhase;
			buildActionMask = 2147483647;
			files = (
			);
			runOnlyForDeploymentPostprocessing = 0;
		};
		092A5B341A8E590000068A17 /* Frameworks */ = {
			isa = PBXFrameworksBuildPhase;
			buildActionMask = 2147483647;
			files = (
			);
			runOnlyForDeploymentPostprocessing = 0;
		};
/* End PBXFrameworksBuildPhase section */

/* Begin PBXGroup section */
		092A5B121A8E58FF00068A17 = {
			isa = PBXGroup;
			children = (
				092A5B1D1A8E58FF00068A17 /* iDBS */,
				092A5B3A1A8E590000068A17 /* iDBSTests */,
				092A5B1C1A8E58FF00068A17 /* Products */,
			);
			sourceTree = "<group>";
		};
		092A5B1C1A8E58FF00068A17 /* Products */ = {
			isa = PBXGroup;
			children = (
				092A5B1B1A8E58FF00068A17 /* iDBS.app */,
				092A5B371A8E590000068A17 /* iDBSTests.xctest */,
			);
			name = Products;
			sourceTree = "<group>";
		};
		092A5B1D1A8E58FF00068A17 /* iDBS */ = {
			isa = PBXGroup;
			children = (
				092A5B221A8E58FF00068A17 /* AppDelegate.h */,
				092A5B231A8E58FF00068A17 /* AppDelegate.m */,
				092A5B251A8E58FF00068A17 /* FirstViewController.h */,
				092A5B261A8E58FF00068A17 /* FirstViewController.m */,
				092A5B281A8E58FF00068A17 /* SecondViewController.h */,
				092A5B291A8E58FF00068A17 /* SecondViewController.m */,
				092A5B2B1A8E58FF00068A17 /* Main.storyboard */,
				092A5B2E1A8E58FF00068A17 /* Images.xcassets */,
				092A5B301A8E58FF00068A17 /* LaunchScreen.xib */,
				092A5B1E1A8E58FF00068A17 /* Supporting Files */,
			);
			path = iDBS;
			sourceTree = "<group>";
		};
		092A5B1E1A8E58FF00068A17 /* Supporting Files */ = {
			isa = PBXGroup;
			children = (
				092A5B1F1A8E58FF00068A17 /* Info.plist */,
				092A5B201A8E58FF00068A17 /* main.m */,
			);
			name = "Supporting Files";
			sourceTree = "<group>";
		};
		092A5B3A1A8E590000068A17 /* iDBSTests */ = {
			isa = PBXGroup;
			children = (
				092A5B3D1A8E590000068A17 /* iDBSTests.m */,
				092A5B3B1A8E590000068A17 /* Supporting Files */,
			);
			path = iDBSTests;
			sourceTree = "<group>";
		};
		092A5B3B1A8E590000068A17 /* Supporting Files */ = {
			isa = PBXGroup;
			children = (
				092A5B3C1A8E590000068A17 /* Info.plist */,
			);
			name = "Supporting Files";
			sourceTree = "<group>";
		};
/* End PBXGroup section */

/* Begin PBXNativeTarget section */
		092A5B1A1A8E58FF00068A17 /* iDBS */ = {
			isa = PBXNativeTarget;
			buildConfigurationList = 092A5B411A8E590000068A17 /* Build configuration list for PBXNativeTarget "iDBS" */;
			buildPhases = (
				092A5B171A8E58FF00068A17 /* Sources */,
				092A5B181A8E58FF00068A17 /* Frameworks */,
				092A5B191A8E58FF00068A17 /* Resources */,
			);
			buildRules = (
			);
			dependencies = (
			);
			name = iDBS;
			productName = iDBS;
			productReference = 092A5B1B1A8E58FF00068A17 /* iDBS.app */;
			productType = "com.apple.product-type.application";
		};
		092A5B361A8E590000068A17 /* iDBSTests */ = {
			isa = PBXNativeTarget;
			buildConfigurationList = 092A5B441A8E590000068A17 /* Build configuration list for PBXNativeTarget "iDBSTests" */;
			buildPhases = (
				092A5B331A8E590000068A17 /* Sources */,
				092A5B341A8E590000068A17 /* Frameworks */,
				092A5B351A8E590000068A17 /* Resources */,
			);
			buildRules = (
			);
			dependencies = (
				092A5B391A8E590000068A17 /* PBXTargetDependency */,
			);
			name = iDBSTests;
			productName = iDBSTests;
			productReference = 092A5B371A8E590000068A17 /* iDBSTests.xctest */;
			productType = "com.apple.product-type.bundle.unit-test";
		};
/* End PBXNativeTarget section */

/* Begin PBXProject section */
		092A5B131A8E58FF00068A17 /* Project object */ = {
			isa = PBXProject;
			attributes = {
				LastUpgradeCheck = 0610;
				ORGANIZATIONNAME = "BV-D Software";
				TargetAttributes = {
					092A5B1A1A8E58FF00068A17 = {
						CreatedOnToolsVersion = 6.1.1;
					};
					092A5B361A8E590000068A17 = {
						CreatedOnToolsVersion = 6.1.1;
						TestTargetID = 092A5B1A1A8E58FF00068A17;
					};
				};
			};
			buildConfigurationList = 092A5B161A8E58FF00068A17 /* Build configuration list for PBXProject "iDBS" */;
			compatibilityVersion = "Xcode 3.2";
			developmentRegion = English;
			hasScannedForEncodings = 0;
			knownRegions = (
				en,
				Base,
			);
			mainGroup = 092A5B121A8E58FF00068A17;
			productRefGroup = 092A5B1C1A8E58FF00068A17 /* Products */;
			projectDirPath = "";
			projectRoot = "";
			targets = (
				092A5B1A1A8E58FF00068A17 /* iDBS */,
				092A5B361A8E590000068A17 /* iDBSTests */,
			);
		};
/* End PBXProject section */

/* Begin PBXResourcesBuildPhase section */
		092A5B191A8E58FF00068A17 /* Resources */ = {
			isa = PBXResourcesBuildPhase;
			buildActionMask = 2147483647;
			files = (
				092A5B2D1A8E58FF00068A17 /* Main.storyboard in Resources */,
				092A5B321A8E58FF00068A17 /* LaunchScreen.xib in Resources */,
				092A5B2F1A8E58FF00068A17 /* Images.xcassets in Resources */,
			);
			runOnlyForDeploymentPostprocessing = 0;
		};
		092A5B351A8E590000068A17 /* Resources */ = {
			isa = PBXResourcesBuildPhase;
			buildActionMask = 2147483647;
			files = (
			);
			runOnlyForDeploymentPostprocessing = 0;
		};
/* End PBXResourcesBuildPhase section */

/* Begin PBXSourcesBuildPhase section */
		092A5B171A8E58FF00068A17 /* Sources */ = {
			isa = PBXSourcesBuildPhase;
			buildActionMask = 2147483647;
			files = (
				092A5B2A1A8E58FF00068A17 /* SecondViewController.m in Sources */,
				092A5B241A8E58FF00068A17 /* AppDelegate.m in Sources */,
				092A5B271A8E58FF00068A17 /* FirstViewController.m in Sources */,
				092A5B211A8E58FF00068A17 /* main.m in Sources */,
			);
			runOnlyForDeploymentPostprocessing = 0;
		};
		092A5B331A8E590000068A17 /* Sources */ = {
			isa = PBXSourcesBuildPhase;
			buildActionMask = 2147483647;
			files = (
				092A5B3E1A8E590000068A17 /* iDBSTests.m in Sources */,
			);
			runOnlyForDeploymentPostprocessing = 0;
		};
/* End PBXSourcesBuildPhase section */

/* Begin PBXTargetDependency section */
		092A5B391A8E590000068A17 /* PBXTargetDependency */ = {
			isa = PBXTargetDependency;
			target = 092A5B1A1A8E58FF00068A17 /* iDBS */;
			targetProxy = 092A5B381A8E590000068A17 /* PBXContainerItemProxy */;
		};
/* End PBXTargetDependency section */

/* Begin PBXVariantGroup section */
		092A5B2B1A8E58FF00068A17 /* Main.storyboard */ = {
			isa = PBXVariantGroup;
			children = (
				092A5B2C1A8E58FF00068A17 /* Base */,
			);
			name = Main.storyboard;
			sourceTree = "<group>";
		};
		092A5B301A8E58FF00068A17 /* LaunchScreen.xib */ = {
			isa = PBXVariantGroup;
			children = (
				092A5B311A8E58FF00068A17 /* Base */,
			);
			name = LaunchScreen.xib;
			sourceTree = "<group>";
		};
/* End PBXVariantGroup section */

/* Begin XCBuildConfiguration section */
		092A5B3F1A8E590000068A17 /* Debug */ = {
			isa = XCBuildConfiguration;
			buildSettings = {
				ALWAYS_SEARCH_USER_PATHS = NO;
				CLANG_CXX_LANGUAGE_STANDARD = "gnu++0x";
				CLANG_CXX_LIBRARY = "libc++";
				CLANG_ENABLE_MODULES = YES;
				CLANG_ENABLE_OBJC_ARC = YES;
				CLANG_WARN_BOOL_CONVERSION = YES;
				CLANG_WARN_CONSTANT_CONVERSION = YES;
				CLANG_WARN_DIRECT_OBJC_ISA_USAGE = YES_ERROR;
				CLANG_WARN_EMPTY_BODY = YES;
				CLANG_WARN_ENUM_CONVERSION = YES;
				CLANG_WARN_INT_CONVERSION = YES;
				CLANG_WARN_OBJC_ROOT_CLASS = YES_ERROR;
				CLANG_WARN_UNREACHABLE_CODE = YES;
				CLANG_WARN__DUPLICATE_METHOD_MATCH = YES;
				"CODE_SIGN_IDENTITY[sdk=iphoneos*]" = "iPhone Developer";
				COPY_PHASE_STRIP = NO;
				ENABLE_STRICT_OBJC_MSGSEND = YES;
				GCC_C_LANGUAGE_STANDARD = gnu99;
				GCC_DYNAMIC_NO_PIC = NO;
				GCC_OPTIMIZATION_LEVEL = 0;
				GCC_PREPROCESSOR_DEFINITIONS = (
					"DEBUG=1",
					"$(inherited)",
				);
				GCC_SYMBOLS_PRIVATE_EXTERN = NO;
				GCC_WARN_64_TO_32_BIT_CONVERSION = YES;
				GCC_WARN_ABOUT_RETURN_TYPE = YES_ERROR;
				GCC_WARN_UNDECLARED_SELECTOR = YES;
				GCC_WARN_UNINITIALIZED_AUTOS = YES_AGGRESSIVE;
				GCC_WARN_UNUSED_FUNCTION = YES;
				GCC_WARN_UNUSED_VARIABLE = YES;
				IPHONEOS_DEPLOYMENT_TARGET = 8.1;
				MTL_ENABLE_DEBUG_INFO = YES;
				ONLY_ACTIVE_ARCH = YES;
				SDKROOT = iphoneos;
			};
			name = Debug;
		};
		092A5B401A8E590000068A17 /* Release */ = {
			isa = XCBuildConfiguration;
			buildSettings = {
				ALWAYS_SEARCH_USER_PATHS = NO;
				CLANG_CXX_LANGUAGE_STANDARD = "gnu++0x";
				CLANG_CXX_LIBRARY = "libc++";
				CLANG_ENABLE_MODULES = YES;
				CLANG_ENABLE_OBJC_ARC = YES;
				CLANG_WARN_BOOL_CONVERSION = YES;
				CLANG_WARN_CONSTANT_CONVERSION = YES;
				CLANG_WARN_DIRECT_OBJC_ISA_USAGE = YES_ERROR;
				CLANG_WARN_EMPTY_BODY = YES;
				CLANG_WARN_ENUM_CONVERSION = YES;
				CLANG_WARN_INT_CONVERSION = YES;
				CLANG_WARN_OBJC_ROOT_CLASS = YES_ERROR;
				CLANG_WARN_UNREACHABLE_CODE = YES;
				CLANG_WARN__DUPLICATE_METHOD_MATCH = YES;
				"CODE_SIGN_IDENTITY[sdk=iphoneos*]" = "iPhone Developer";
				COPY_PHASE_STRIP = YES;
				ENABLE_NS_ASSERTIONS = NO;
				ENABLE_STRICT_OBJC_MSGSEND = YES;
				GCC_C_LANGUAGE_STANDARD = gnu99;
				GCC_WARN_64_TO_32_BIT_CONVERSION = YES;
				GCC_WARN_ABOUT_RETURN_TYPE = YES_ERROR;
				GCC_WARN_UNDECLARED_SELECTOR = YES;
				GCC_WARN_UNINITIALIZED_AUTOS = YES_AGGRESSIVE;
				GCC_WARN_UNUSED_FUNCTION = YES;
				GCC_WARN_UNUSED_VARIABLE = YES;
				IPHONEOS_DEPLOYMENT_TARGET = 8.1;
				MTL_ENABLE_DEBUG_INFO = NO;
				SDKROOT = iphoneos;
				VALIDATE_PRODUCT = YES;
			};
			name = Release;
		};
		092A5B421A8E590000068A17 /* Debug */ = {
			isa = XCBuildConfiguration;
			buildSettings = {
				ASSETCATALOG_COMPILER_APPICON_NAME = AppIcon;
				INFOPLIST_FILE = iDBS/Info.plist;
				LD_RUNPATH_SEARCH_PATHS = "$(inherited) @executable_path/Frameworks";
				PRODUCT_NAME = "$(TARGET_NAME)";
			};
			name = Debug;
		};
		092A5B431A8E590000068A17 /* Release */ = {
			isa = XCBuildConfiguration;
			buildSettings = {
				ASSETCATALOG_COMPILER_APPICON_NAME = AppIcon;
				INFOPLIST_FILE = iDBS/Info.plist;
				LD_RUNPATH_SEARCH_PATHS = "$(inherited) @executable_path/Frameworks";
				PRODUCT_NAME = "$(TARGET_NAME)";
			};
			name = Release;
		};
		092A5B451A8E590000068A17 /* Debug */ = {
			isa = XCBuildConfiguration;
			buildSettings = {
				BUNDLE_LOADER = "$(TEST_HOST)";
				FRAMEWORK_SEARCH_PATHS = (
					"$(SDKROOT)/Developer/Library/Frameworks",
					"$(inherited)",
				);
				GCC_PREPROCESSOR_DEFINITIONS = (
					"DEBUG=1",
					"$(inherited)",
				);
				INFOPLIST_FILE = iDBSTests/Info.plist;
				LD_RUNPATH_SEARCH_PATHS = "$(inherited) @executable_path/Frameworks @loader_path/Frameworks";
				PRODUCT_NAME = "$(TARGET_NAME)";
				TEST_HOST = "$(BUILT_PRODUCTS_DIR)/iDBS.app/iDBS";
			};
			name = Debug;
		};
		092A5B461A8E590000068A17 /* Release */ = {
			isa = XCBuildConfiguration;
			buildSettings = {
				BUNDLE_LOADER = "$(TEST_HOST)";
				FRAMEWORK_SEARCH_PATHS = (
					"$(SDKROOT)/Developer/Library/Frameworks",
					"$(inherited)",
				);
				INFOPLIST_FILE = iDBSTests/Info.plist;
				LD_RUNPATH_SEARCH_PATHS = "$(inherited) @executable_path/Frameworks @loader_path/Frameworks";
				PRODUCT_NAME = "$(TARGET_NAME)";
				TEST_HOST = "$(BUILT_PRODUCTS_DIR)/iDBS.app/iDBS";
			};
			name = Release;
		};
/* End XCBuildConfiguration section */

/* Begin XCConfigurationList section */
		092A5B161A8E58FF00068A17 /* Build configuration list for PBXProject "iDBS" */ = {
			isa = XCConfigurationList;
			buildConfigurations = (
				092A5B3F1A8E590000068A17 /* Debug */,
				092A5B401A8E590000068A17 /* Release */,
			);
			defaultConfigurationIsVisible = 0;
			defaultConfigurationName = Release;
		};
		092A5B411A8E590000068A17 /* Build configuration list for PBXNativeTarget "iDBS" */ = {
			isa = XCConfigurationList;
			buildConfigurations = (
				092A5B421A8E590000068A17 /* Debug */,
				092A5B431A8E590000068A17 /* Release */,
			);
			defaultConfigurationIsVisible = 0;
		};
		092A5B441A8E590000068A17 /* Build configuration list for PBXNativeTarget "iDBSTests" */ = {
			isa = XCConfigurationList;
			buildConfigurations = (
				092A5B451A8E590000068A17 /* Debug */,
				092A5B461A8E590000068A17 /* Release */,
			);
			defaultConfigurationIsVisible = 0;
		};
/* End XCConfigurationList section */
	};
	rootObject = 092A5B131A8E58FF00068A17 /* Project object */;
}
